
Microsoft Visual Studio Solution File, Format Version 12.00
Project("{FAE04EC0-301F-11D3-BF4B-00C04F79EFBC}") = "FinancialReportApp", "FinancialReportApp\FinancialReportApp.csproj", "{EAC20150-F282-425A-9740-0E7494FB86F3}"
EndProject
Project("{FAE04EC0-301F-11D3-BF4B-00C04F79EFBC}") = "Test", "Test\Test.csproj", "{EB4C07C1-E1EF-4E74-B58C-2A10751751DF}"
EndProject
Project("{FAE04EC0-301F-11D3-BF4B-00C04F79EFBC}") = "GradeCalc", "GradeCalc\GradeCalc.csproj", "{BCB1C8E4-7977-45FF-AC78-1A9295A50325}"
EndProject
Project("{FAE04EC0-301F-11D3-BF4B-00C04F79EFBC}") = "NumberGuesser", "NumberGuesser\NumberGuesser.csproj", "{0FF390D0-B2CA-4BC6-803B-ACCD9C880657}"
EndProject
Project("{FAE04EC0-301F-11D3-BF4B-00C04F79EFBC}") = "MethodExample", "MethodExample\MethodExample.csproj", "{1388B0DD-32D7-4CD0-8D23-58AABE9F3114}"
EndProject
Project("{FAE04EC0-301F-11D3-BF4B-00C04F79EFBC}") = "ArrayExample", "ArrayExample\ArrayExample.csproj", "{A8E57B3A-50AD-4E6D-AF57-2D734F454010}"
EndProject
Project("{FAE04EC0-301F-11D3-BF4B-00C04F79EFBC}") = "ObjectExample", "ObjectExample\ObjectExample.csproj", "{F9DC4E59-890F-4FA5-822D-0660DB22401E}"
EndProject
Global
	GlobalSection(SolutionConfigurationPlatforms) = preSolution
		Debug|Any CPU = Debug|Any CPU
		Release|Any CPU = Release|Any CPU
	EndGlobalSection
	GlobalSection(ProjectConfigurationPlatforms) = postSolution
		{EAC20150-F282-425A-9740-0E7494FB86F3}.Debug|Any CPU.ActiveCfg = Debug|Any CPU
		{EAC20150-F282-425A-9740-0E7494FB86F3}.Debug|Any CPU.Build.0 = Debug|Any CPU
		{EAC20150-F282-425A-9740-0E7494FB86F3}.Release|Any CPU.ActiveCfg = Release|Any CPU
		{EAC20150-F282-425A-9740-0E7494FB86F3}.Release|Any CPU.Build.0 = Release|Any CPU
		{EB4C07C1-E1EF-4E74-B58C-2A10751751DF}.Debug|Any CPU.ActiveCfg = Debug|Any CPU
		{EB4C07C1-E1EF-4E74-B58C-2A10751751DF}.Debug|Any CPU.Build.0 = Debug|Any CPU
		{EB4C07C1-E1EF-4E74-B58C-2A10751751DF}.Release|Any CPU.ActiveCfg = Release|Any CPU
		{EB4C07C1-E1EF-4E74-B58C-2A10751751DF}.Release|Any CPU.Build.0 = Release|Any CPU
		{BCB1C8E4-7977-45FF-AC78-1A9295A50325}.Debug|Any CPU.ActiveCfg = Debug|Any CPU
		{BCB1C8E4-7977-45FF-AC78-1A9295A50325}.Debug|Any CPU.Build.0 = Debug|Any CPU
		{BCB1C8E4-7977-45FF-AC78-1A9295A50325}.Release|Any CPU.ActiveCfg = Release|Any CPU
		{BCB1C8E4-7977-45FF-AC78-1A9295A50325}.Release|Any CPU.Build.0 = Release|Any CPU
		{0FF390D0-B2CA-4BC6-803B-ACCD9C880657}.Debug|Any CPU.ActiveCfg = Debug|Any CPU
		{0FF390D0-B2CA-4BC6-803B-ACCD9C880657}.Debug|Any CPU.Build.0 = Debug|Any CPU
		{0FF390D0-B2CA-4BC6-803B-ACCD9C880657}.Release|Any CPU.ActiveCfg = Release|Any CPU
		{0FF390D0-B2CA-4BC6-803B-ACCD9C880657}.Release|Any CPU.Build.0 = Release|Any CPU
		{1388B0DD-32D7-4CD0-8D23-58AABE9F3114}.Debug|Any CPU.ActiveCfg = Debug|Any CPU
		{1388B0DD-32D7-4CD0-8D23-58AABE9F3114}.Debug|Any CPU.Build.0 = Debug|Any CPU
		{1388B0DD-32D7-4CD0-8D23-58AABE9F3114}.Release|Any CPU.ActiveCfg = Release|Any CPU
		{1388B0DD-32D7-4CD0-8D23-58AABE9F3114}.Release|Any CPU.Build.0 = Release|Any CPU
		{A8E57B3A-50AD-4E6D-AF57-2D734F454010}.Debug|Any CPU.ActiveCfg = Debug|Any CPU
		{A8E57B3A-50AD-4E6D-AF57-2D734F454010}.Debug|Any CPU.Build.0 = Debug|Any CPU
		{A8E57B3A-50AD-4E6D-AF57-2D734F454010}.Release|Any CPU.ActiveCfg = Release|Any CPU
		{A8E57B3A-50AD-4E6D-AF57-2D734F454010}.Release|Any CPU.Build.0 = Release|Any CPU
		{F9DC4E59-890F-4FA5-822D-0660DB22401E}.Debug|Any CPU.ActiveCfg = Debug|Any CPU
		{F9DC4E59-890F-4FA5-822D-0660DB22401E}.Debug|Any CPU.Build.0 = Debug|Any CPU
		{F9DC4E59-890F-4FA5-822D-0660DB22401E}.Release|Any CPU.ActiveCfg = Release|Any CPU
		{F9DC4E59-890F-4FA5-822D-0660DB22401E}.Release|Any CPU.Build.0 = Release|Any CPU
	EndGlobalSection
EndGlobal
